
Microsoft Visual Studio Solution File, Format Version 12.00
# Visual Studio Version 16
VisualStudioVersion = 16.0.29613.14
MinimumVisualStudioVersion = 10.0.40219.1
Project("{FAE04EC0-301F-11D3-BF4B-00C04F79EFBC}") = "WebApplication", "WebApplication.csproj", "{03E99CEA-4508-4FB7-97DD-4120A0AAE00C}"
EndProject
Global
	GlobalSection(SolutionConfigurationPlatforms) = preSolution
		Debug|Any CPU = Debug|Any CPU
		Release|Any CPU = Release|Any CPU
	EndGlobalSection
	GlobalSection(ProjectConfigurationPlatforms) = postSolution
		{03E99CEA-4508-4FB7-97DD-4120A0AAE00C}.Debug|Any CPU.ActiveCfg = Debug|Any CPU
		{03E99CEA-4508-4FB7-97DD-4120A0AAE00C}.Debug|Any CPU.Build.0 = Debug|Any CPU
		{03E99CEA-4508-4FB7-97DD-4120A0AAE00C}.Release|Any CPU.ActiveCfg = Release|Any CPU
		{03E99CEA-4508-4FB7-97DD-4120A0AAE00C}.Release|Any CPU.Build.0 = Release|Any CPU
	EndGlobalSection
	GlobalSection(SolutionProperties) = preSolution
		HideSolutionNode = FALSE
	EndGlobalSection
	GlobalSection(ExtensibilityGlobals) = postSolution
		SolutionGuid = {BF8AC50B-66FE-4A85-B73E-B369EF4CAF6F}
	EndGlobalSection
EndGlobal
